
Microsoft Visual Studio Solution File, Format Version 12.00
# Visual Studio Version 17
VisualStudioVersion = 17.11.35219.272
MinimumVisualStudioVersion = 10.0.40219.1
Project("{FAE04EC0-301F-11D3-BF4B-00C04F79EFBC}") = "Program", "Program\Program.csproj", "{C0634A8B-2362-4C00-B3F9-E6CB03F598BD}"
EndProject
Global
	GlobalSection(SolutionConfigurationPlatforms) = preSolution
		Debug|Any CPU = Debug|Any CPU
		Release|Any CPU = Release|Any CPU
	EndGlobalSection
	GlobalSection(ProjectConfigurationPlatforms) = postSolution
		{C0634A8B-2362-4C00-B3F9-E6CB03F598BD}.Debug|Any CPU.ActiveCfg = Debug|Any CPU
		{C0634A8B-2362-4C00-B3F9-E6CB03F598BD}.Debug|Any CPU.Build.0 = Debug|Any CPU
		{C0634A8B-2362-4C00-B3F9-E6CB03F598BD}.Release|Any CPU.ActiveCfg = Release|Any CPU
		{C0634A8B-2362-4C00-B3F9-E6CB03F598BD}.Release|Any CPU.Build.0 = Release|Any CPU
	EndGlobalSection
	GlobalSection(SolutionProperties) = preSolution
		HideSolutionNode = FALSE
	EndGlobalSection
	GlobalSection(ExtensibilityGlobals) = postSolution
		SolutionGuid = {38CD6344-CD18-46AE-9CC1-7CA46FC5BCBF}
	EndGlobalSection
EndGlobal
